// !$*UTF8*$!
{
	archiveVersion = 1;
	classes = {
	};
	objectVersion = 51;
	objects = {

/* Begin PBXBuildFile section */
		04930E53250BC1980013DD68 /* agconnect-services.plist in Resources */ = {isa = PBXBuildFile; fileRef = 04930E52250BC1980013DD68 /* agconnect-services.plist */; };
		04A3A3B92511F70D005C92AC /* SettingsViewController.swift in Sources */ = {isa = PBXBuildFile; fileRef = 04A3A3B82511F70D005C92AC /* SettingsViewController.swift */; };
		04D01A67250913390097F210 /* AppDelegate.swift in Sources */ = {isa = PBXBuildFile; fileRef = 04D01A66250913390097F210 /* AppDelegate.swift */; };
		04D01A69250913390097F210 /* SceneDelegate.swift in Sources */ = {isa = PBXBuildFile; fileRef = 04D01A68250913390097F210 /* SceneDelegate.swift */; };
		04D01A6B250913390097F210 /* ViewController.swift in Sources */ = {isa = PBXBuildFile; fileRef = 04D01A6A250913390097F210 /* ViewController.swift */; };
		04D01A6E250913390097F210 /* Main.storyboard in Resources */ = {isa = PBXBuildFile; fileRef = 04D01A6C250913390097F210 /* Main.storyboard */; };
		04D01A702509133B0097F210 /* Assets.xcassets in Resources */ = {isa = PBXBuildFile; fileRef = 04D01A6F2509133B0097F210 /* Assets.xcassets */; };
		04D01A732509133B0097F210 /* LaunchScreen.storyboard in Resources */ = {isa = PBXBuildFile; fileRef = 04D01A712509133B0097F210 /* LaunchScreen.storyboard */; };
		59AE5F13E9FE32DD7346148D /* Pods_HMSAnalyticsKit.framework in Frameworks */ = {isa = PBXBuildFile; fileRef = FD6935964A7908F088BE9722 /* Pods_HMSAnalyticsKit.framework */; };
/* End PBXBuildFile section */

/* Begin PBXFileReference section */
		04930E52250BC1980013DD68 /* agconnect-services.plist */ = {isa = PBXFileReference; fileEncoding = 4; lastKnownFileType = text.plist.xml; path = "agconnect-services.plist"; sourceTree = "<group>"; };
		04A3A3B82511F70D005C92AC /* SettingsViewController.swift */ = {isa = PBXFileReference; lastKnownFileType = sourcecode.swift; path = SettingsViewController.swift; sourceTree = "<group>"; };
		04D01A63250913390097F210 /* HMSAnalyticsKit.app */ = {isa = PBXFileReference; explicitFileType = wrapper.application; includeInIndex = 0; path = HMSAnalyticsKit.app; sourceTree = BUILT_PRODUCTS_DIR; };
		04D01A66250913390097F210 /* AppDelegate.swift */ = {isa = PBXFileReference; lastKnownFileType = sourcecode.swift; path = AppDelegate.swift; sourceTree = "<group>"; };
		04D01A68250913390097F210 /* SceneDelegate.swift */ = {isa = PBXFileReference; lastKnownFileType = sourcecode.swift; path = SceneDelegate.swift; sourceTree = "<group>"; };
		04D01A6A250913390097F210 /* ViewController.swift */ = {isa = PBXFileReference; lastKnownFileType = sourcecode.swift; path = ViewController.swift; sourceTree = "<group>"; };
		04D01A6D250913390097F210 /* Base */ = {isa = PBXFileReference; lastKnownFileType = file.storyboard; name = Base; path = Base.lproj/Main.storyboard; sourceTree = "<group>"; };
		04D01A6F2509133B0097F210 /* Assets.xcassets */ = {isa = PBXFileReference; lastKnownFileType = folder.assetcatalog; path = Assets.xcassets; sourceTree = "<group>"; };
		04D01A722509133B0097F210 /* Base */ = {isa = PBXFileReference; lastKnownFileType = file.storyboard; name = Base; path = Base.lproj/LaunchScreen.storyboard; sourceTree = "<group>"; };
		04D01A742509133B0097F210 /* Info.plist */ = {isa = PBXFileReference; lastKnownFileType = text.plist.xml; path = Info.plist; sourceTree = "<group>"; };
		25AFBB9CD2CBF38A07A35DC7 /* Pods-HMSAnalyticsKit.release.xcconfig */ = {isa = PBXFileReference; includeInIndex = 1; lastKnownFileType = text.xcconfig; name = "Pods-HMSAnalyticsKit.release.xcconfig"; path = "Target Support Files/Pods-HMSAnalyticsKit/Pods-HMSAnalyticsKit.release.xcconfig"; sourceTree = "<group>"; };
		301B07845D4B43A2094F39A1 /* Pods-HMSAnalyticsKit.debug.xcconfig */ = {isa = PBXFileReference; includeInIndex = 1; lastKnownFileType = text.xcconfig; name = "Pods-HMSAnalyticsKit.debug.xcconfig"; path = "Target Support Files/Pods-HMSAnalyticsKit/Pods-HMSAnalyticsKit.debug.xcconfig"; sourceTree = "<group>"; };
		FD6935964A7908F088BE9722 /* Pods_HMSAnalyticsKit.framework */ = {isa = PBXFileReference; explicitFileType = wrapper.framework; includeInIndex = 0; path = Pods_HMSAnalyticsKit.framework; sourceTree = BUILT_PRODUCTS_DIR; };
/* End PBXFileReference section */

/* Begin PBXFrameworksBuildPhase section */
		04D01A60250913390097F210 /* Frameworks */ = {
			isa = PBXFrameworksBuildPhase;
			buildActionMask = 2147483647;
			files = (
				59AE5F13E9FE32DD7346148D /* Pods_HMSAnalyticsKit.framework in Frameworks */,
			);
			runOnlyForDeploymentPostprocessing = 0;
		};
/* End PBXFrameworksBuildPhase section */

/* Begin PBXGroup section */
		04D01A5A250913390097F210 = {
			isa = PBXGroup;
			children = (
				04D01A65250913390097F210 /* HMSAnalyticsKit */,
				04D01A64250913390097F210 /* Products */,
				3C4D244EE9197B9E25BEDA7C /* Pods */,
				197E7338F0C7F698DD3714AF /* Frameworks */,
			);
			sourceTree = "<group>";
		};
		04D01A64250913390097F210 /* Products */ = {
			isa = PBXGroup;
			children = (
				04D01A63250913390097F210 /* HMSAnalyticsKit.app */,
			);
			name = Products;
			sourceTree = "<group>";
		};
		04D01A65250913390097F210 /* HMSAnalyticsKit */ = {
			isa = PBXGroup;
			children = (
				04D01A66250913390097F210 /* AppDelegate.swift */,
				04D01A68250913390097F210 /* SceneDelegate.swift */,
				04D01A6A250913390097F210 /* ViewController.swift */,
				04A3A3B82511F70D005C92AC /* SettingsViewController.swift */,
				04D01A6C250913390097F210 /* Main.storyboard */,
				04D01A6F2509133B0097F210 /* Assets.xcassets */,
				04D01A712509133B0097F210 /* LaunchScreen.storyboard */,
				04D01A742509133B0097F210 /* Info.plist */,
				04930E52250BC1980013DD68 /* agconnect-services.plist */,
			);
			path = HMSAnalyticsKit;
			sourceTree = "<group>";
		};
		197E7338F0C7F698DD3714AF /* Frameworks */ = {
			isa = PBXGroup;
			children = (
				FD6935964A7908F088BE9722 /* Pods_HMSAnalyticsKit.framework */,
			);
			name = Frameworks;
			sourceTree = "<group>";
		};
		3C4D244EE9197B9E25BEDA7C /* Pods */ = {
			isa = PBXGroup;
			children = (
				301B07845D4B43A2094F39A1 /* Pods-HMSAnalyticsKit.debug.xcconfig */,
				25AFBB9CD2CBF38A07A35DC7 /* Pods-HMSAnalyticsKit.release.xcconfig */,
			);
			path = Pods;
			sourceTree = "<group>";
		};
/* End PBXGroup section */

/* Begin PBXNativeTarget section */
		04D01A62250913390097F210 /* HMSAnalyticsKit */ = {
			isa = PBXNativeTarget;
			buildConfigurationList = 04D01A772509133B0097F210 /* Build configuration list for PBXNativeTarget "HMSAnalyticsKit" */;
			buildPhases = (
				DF7EF867397E5A8062031A5B /* [CP] Check Pods Manifest.lock */,
				04D01A5F250913390097F210 /* Sources */,
				04D01A60250913390097F210 /* Frameworks */,
				04D01A61250913390097F210 /* Resources */,
				401AA2CAA4A4B3E5E5BED6CB /* [CP] Copy Pods Resources */,
			);
			buildRules = (
			);
			dependencies = (
			);
			name = HMSAnalyticsKit;
			productName = HMSAnalyticsKit;
			productReference = 04D01A63250913390097F210 /* HMSAnalyticsKit.app */;
			productType = "com.apple.product-type.application";
		};
/* End PBXNativeTarget section */

/* Begin PBXProject section */
		04D01A5B250913390097F210 /* Project object */ = {
			isa = PBXProject;
			attributes = {
				LastSwiftUpdateCheck = 1170;
				LastUpgradeCheck = 1170;
				ORGANIZATIONNAME = "Emre AYDIN";
				TargetAttributes = {
					04D01A62250913390097F210 = {
						CreatedOnToolsVersion = 11.7;
					};
				};
			};
			buildConfigurationList = 04D01A5E250913390097F210 /* Build configuration list for PBXProject "HMSAnalyticsKit" */;
			compatibilityVersion = "Xcode 9.3";
			developmentRegion = en;
			hasScannedForEncodings = 0;
			knownRegions = (
				en,
				Base,
			);
			mainGroup = 04D01A5A250913390097F210;
			productRefGroup = 04D01A64250913390097F210 /* Products */;
			projectDirPath = "";
			projectRoot = "";
			targets = (
				04D01A62250913390097F210 /* HMSAnalyticsKit */,
			);
		};
/* End PBXProject section */

/* Begin PBXResourcesBuildPhase section */
		04D01A61250913390097F210 /* Resources */ = {
			isa = PBXResourcesBuildPhase;
			buildActionMask = 2147483647;
			files = (
				04D01A732509133B0097F210 /* LaunchScreen.storyboard in Resources */,
				04930E53250BC1980013DD68 /* agconnect-services.plist in Resources */,
				04D01A702509133B0097F210 /* Assets.xcassets in Resources */,
				04D01A6E250913390097F210 /* Main.storyboard in Resources */,
			);
			runOnlyForDeploymentPostprocessing = 0;
		};
/* End PBXResourcesBuildPhase section */

/* Begin PBXShellScriptBuildPhase section */
		401AA2CAA4A4B3E5E5BED6CB /* [CP] Copy Pods Resources */ = {
			isa = PBXShellScriptBuildPhase;
			buildActionMask = 2147483647;
			files = (
			);
			inputFileListPaths = (
				"${PODS_ROOT}/Target Support Files/Pods-HMSAnalyticsKit/Pods-HMSAnalyticsKit-resources-${CONFIGURATION}-input-files.xcfilelist",
			);
			name = "[CP] Copy Pods Resources";
			outputFileListPaths = (
				"${PODS_ROOT}/Target Support Files/Pods-HMSAnalyticsKit/Pods-HMSAnalyticsKit-resources-${CONFIGURATION}-output-files.xcfilelist",
			);
			runOnlyForDeploymentPostprocessing = 0;
			shellPath = /bin/sh;
			shellScript = "\"${PODS_ROOT}/Target Support Files/Pods-HMSAnalyticsKit/Pods-HMSAnalyticsKit-resources.sh\"\n";
			showEnvVarsInLog = 0;
		};
		DF7EF867397E5A8062031A5B /* [CP] Check Pods Manifest.lock */ = {
			isa = PBXShellScriptBuildPhase;
			buildActionMask = 2147483647;
			files = (
			);
			inputFileListPaths = (
			);
			inputPaths = (
				"${PODS_PODFILE_DIR_PATH}/Podfile.lock",
				"${PODS_ROOT}/Manifest.lock",
			);
			name = "[CP] Check Pods Manifest.lock";
			outputFileListPaths = (
			);
			outputPaths = (
				"$(DERIVED_FILE_DIR)/Pods-HMSAnalyticsKit-checkManifestLockResult.txt",
			);
			runOnlyForDeploymentPostprocessing = 0;
			shellPath = /bin/sh;
			shellScript = "diff \"${PODS_PODFILE_DIR_PATH}/Podfile.lock\" \"${PODS_ROOT}/Manifest.lock\" > /dev/null\nif [ $? != 0 ] ; then\n    # print error to STDERR\n    echo \"error: The sandbox is not in sync with the Podfile.lock. Run 'pod install' or update your CocoaPods installation.\" >&2\n    exit 1\nfi\n# This output is used by Xcode 'outputs' to avoid re-running this script phase.\necho \"SUCCESS\" > \"${SCRIPT_OUTPUT_FILE_0}\"\n";
			showEnvVarsInLog = 0;
		};
/* End PBXShellScriptBuildPhase section */

/* Begin PBXSourcesBuildPhase section */
		04D01A5F250913390097F210 /* Sources */ = {
			isa = PBXSourcesBuildPhase;
			buildActionMask = 2147483647;
			files = (
				04D01A6B250913390097F210 /* ViewController.swift in Sources */,
				04D01A67250913390097F210 /* AppDelegate.swift in Sources */,
				04D01A69250913390097F210 /* SceneDelegate.swift in Sources */,
				04A3A3B92511F70D005C92AC /* SettingsViewController.swift in Sources */,
			);
			runOnlyForDeploymentPostprocessing = 0;
		};
/* End PBXSourcesBuildPhase section */

/* Begin PBXVariantGroup section */
		04D01A6C250913390097F210 /* Main.storyboard */ = {
			isa = PBXVariantGroup;
			children = (
				04D01A6D250913390097F210 /* Base */,
			);
			name = Main.storyboard;
			sourceTree = "<group>";
		};
		04D01A712509133B0097F210 /* LaunchScreen.storyboard */ = {
			isa = PBXVariantGroup;
			children = (
				04D01A722509133B0097F210 /* Base */,
			);
			name = LaunchScreen.storyboard;
			sourceTree = "<group>";
		};
/* End PBXVariantGroup section */

/* Begin XCBuildConfiguration section */
		04D01A752509133B0097F210 /* Debug */ = {
			isa = XCBuildConfiguration;
			buildSettings = {
				ALWAYS_SEARCH_USER_PATHS = NO;
				CLANG_ANALYZER_NONNULL = YES;
				CLANG_ANALYZER_NUMBER_OBJECT_CONVERSION = YES_AGGRESSIVE;
				CLANG_CXX_LANGUAGE_STANDARD = "gnu++14";
				CLANG_CXX_LIBRARY = "libc++";
				CLANG_ENABLE_MODULES = YES;
				CLANG_ENABLE_OBJC_ARC = YES;
				CLANG_ENABLE_OBJC_WEAK = YES;
				CLANG_WARN_BLOCK_CAPTURE_AUTORELEASING = YES;
				CLANG_WARN_BOOL_CONVERSION = YES;
				CLANG_WARN_COMMA = YES;
				CLANG_WARN_CONSTANT_CONVERSION = YES;
				CLANG_WARN_DEPRECATED_OBJC_IMPLEMENTATIONS = YES;
				CLANG_WARN_DIRECT_OBJC_ISA_USAGE = YES_ERROR;
				CLANG_WARN_DOCUMENTATION_COMMENTS = YES;
				CLANG_WARN_EMPTY_BODY = YES;
				CLANG_WARN_ENUM_CONVERSION = YES;
				CLANG_WARN_INFINITE_RECURSION = YES;
				CLANG_WARN_INT_CONVERSION = YES;
				CLANG_WARN_NON_LITERAL_NULL_CONVERSION = YES;
				CLANG_WARN_OBJC_IMPLICIT_RETAIN_SELF = YES;
				CLANG_WARN_OBJC_LITERAL_CONVERSION = YES;
				CLANG_WARN_OBJC_ROOT_CLASS = YES_ERROR;
				CLANG_WARN_RANGE_LOOP_ANALYSIS = YES;
				CLANG_WARN_STRICT_PROTOTYPES = YES;
				CLANG_WARN_SUSPICIOUS_MOVE = YES;
				CLANG_WARN_UNGUARDED_AVAILABILITY = YES_AGGRESSIVE;
				CLANG_WARN_UNREACHABLE_CODE = YES;
				CLANG_WARN__DUPLICATE_METHOD_MATCH = YES;
				COPY_PHASE_STRIP = NO;
				DEBUG_INFORMATION_FORMAT = dwarf;
				ENABLE_STRICT_OBJC_MSGSEND = YES;
				ENABLE_TESTABILITY = YES;
				GCC_C_LANGUAGE_STANDARD = gnu11;
				GCC_DYNAMIC_NO_PIC = NO;
				GCC_NO_COMMON_BLOCKS = YES;
				GCC_OPTIMIZATION_LEVEL = 0;
				GCC_PREPROCESSOR_DEFINITIONS = (
					"DEBUG=1",
					"$(inherited)",
				);
				GCC_WARN_64_TO_32_BIT_CONVERSION = YES;
				GCC_WARN_ABOUT_RETURN_TYPE = YES_ERROR;
				GCC_WARN_UNDECLARED_SELECTOR = YES;
				GCC_WARN_UNINITIALIZED_AUTOS = YES_AGGRESSIVE;
				GCC_WARN_UNUSED_FUNCTION = YES;
				GCC_WARN_UNUSED_VARIABLE = YES;
				IPHONEOS_DEPLOYMENT_TARGET = 13.7;
				MTL_ENABLE_DEBUG_INFO = INCLUDE_SOURCE;
				MTL_FAST_MATH = YES;
				ONLY_ACTIVE_ARCH = YES;
				SDKROOT = iphoneos;
				SWIFT_ACTIVE_COMPILATION_CONDITIONS = DEBUG;
				SWIFT_OPTIMIZATION_LEVEL = "-Onone";
			};
			name = Debug;
		};
		04D01A762509133B0097F210 /* Release */ = {
			isa = XCBuildConfiguration;
			buildSettings = {
				ALWAYS_SEARCH_USER_PATHS = NO;
				CLANG_ANALYZER_NONNULL = YES;
				CLANG_ANALYZER_NUMBER_OBJECT_CONVERSION = YES_AGGRESSIVE;
				CLANG_CXX_LANGUAGE_STANDARD = "gnu++14";
				CLANG_CXX_LIBRARY = "libc++";
				CLANG_ENABLE_MODULES = YES;
				CLANG_ENABLE_OBJC_ARC = YES;
				CLANG_ENABLE_OBJC_WEAK = YES;
				CLANG_WARN_BLOCK_CAPTURE_AUTORELEASING = YES;
				CLANG_WARN_BOOL_CONVERSION = YES;
				CLANG_WARN_COMMA = YES;
				CLANG_WARN_CONSTANT_CONVERSION = YES;
				CLANG_WARN_DEPRECATED_OBJC_IMPLEMENTATIONS = YES;
				CLANG_WARN_DIRECT_OBJC_ISA_USAGE = YES_ERROR;
				CLANG_WARN_DOCUMENTATION_COMMENTS = YES;
				CLANG_WARN_EMPTY_BODY = YES;
				CLANG_WARN_ENUM_CONVERSION = YES;
				CLANG_WARN_INFINITE_RECURSION = YES;
				CLANG_WARN_INT_CONVERSION = YES;
				CLANG_WARN_NON_LITERAL_NULL_CONVERSION = YES;
				CLANG_WARN_OBJC_IMPLICIT_RETAIN_SELF = YES;
				CLANG_WARN_OBJC_LITERAL_CONVERSION = YES;
				CLANG_WARN_OBJC_ROOT_CLASS = YES_ERROR;
				CLANG_WARN_RANGE_LOOP_ANALYSIS = YES;
				CLANG_WARN_STRICT_PROTOTYPES = YES;
				CLANG_WARN_SUSPICIOUS_MOVE = YES;
				CLANG_WARN_UNGUARDED_AVAILABILITY = YES_AGGRESSIVE;
				CLANG_WARN_UNREACHABLE_CODE = YES;
				CLANG_WARN__DUPLICATE_METHOD_MATCH = YES;
				COPY_PHASE_STRIP = NO;
				DEBUG_INFORMATION_FORMAT = "dwarf-with-dsym";
				ENABLE_NS_ASSERTIONS = NO;
				ENABLE_STRICT_OBJC_MSGSEND = YES;
				GCC_C_LANGUAGE_STANDARD = gnu11;
				GCC_NO_COMMON_BLOCKS = YES;
				GCC_WARN_64_TO_32_BIT_CONVERSION = YES;
				GCC_WARN_ABOUT_RETURN_TYPE = YES_ERROR;
				GCC_WARN_UNDECLARED_SELECTOR = YES;
				GCC_WARN_UNINITIALIZED_AUTOS = YES_AGGRESSIVE;
				GCC_WARN_UNUSED_FUNCTION = YES;
				GCC_WARN_UNUSED_VARIABLE = YES;
				IPHONEOS_DEPLOYMENT_TARGET = 13.7;
				MTL_ENABLE_DEBUG_INFO = NO;
				MTL_FAST_MATH = YES;
				SDKROOT = iphoneos;
				SWIFT_COMPILATION_MODE = wholemodule;
				SWIFT_OPTIMIZATION_LEVEL = "-O";
				VALIDATE_PRODUCT = YES;
			};
			name = Release;
		};
		04D01A782509133B0097F210 /* Debug */ = {
			isa = XCBuildConfiguration;
			baseConfigurationReference = 301B07845D4B43A2094F39A1 /* Pods-HMSAnalyticsKit.debug.xcconfig */;
			buildSettings = {
				ASSETCATALOG_COMPILER_APPICON_NAME = AppIcon;
				CODE_SIGN_STYLE = Automatic;
				DEVELOPMENT_TEAM = 5D4JY3DVDT;
				INFOPLIST_FILE = HMSAnalyticsKit/Info.plist;
				LD_RUNPATH_SEARCH_PATHS = (
					"$(inherited)",
					"@executable_path/Frameworks",
				);
				PRODUCT_BUNDLE_IDENTIFIER = com.ea.HMSAnalyticsKit;
				PRODUCT_NAME = "$(TARGET_NAME)";
				SWIFT_VERSION = 5.0;
				TARGETED_DEVICE_FAMILY = "1,2";
			};
			name = Debug;
		};
		04D01A792509133B0097F210 /* Release */ = {
			isa = XCBuildConfiguration;
			baseConfigurationReference = 25AFBB9CD2CBF38A07A35DC7 /* Pods-HMSAnalyticsKit.release.xcconfig */;
			buildSettings = {
				ASSETCATALOG_COMPILER_APPICON_NAME = AppIcon;
				CODE_SIGN_STYLE = Automatic;
				DEVELOPMENT_TEAM = 5D4JY3DVDT;
				INFOPLIST_FILE = HMSAnalyticsKit/Info.plist;
				LD_RUNPATH_SEARCH_PATHS = (
					"$(inherited)",
					"@executable_path/Frameworks",
				);
				PRODUCT_BUNDLE_IDENTIFIER = com.ea.HMSAnalyticsKit;
				PRODUCT_NAME = "$(TARGET_NAME)";
				SWIFT_VERSION = 5.0;
				TARGETED_DEVICE_FAMILY = "1,2";
			};
			name = Release;
		};
/* End XCBuildConfiguration section */

/* Begin XCConfigurationList section */
		04D01A5E250913390097F210 /* Build configuration list for PBXProject "HMSAnalyticsKit" */ = {
			isa = XCConfigurationList;
			buildConfigurations = (
				04D01A752509133B0097F210 /* Debug */,
				04D01A762509133B0097F210 /* Release */,
			);
			defaultConfigurationIsVisible = 0;
			defaultConfigurationName = Release;
		};
		04D01A772509133B0097F210 /* Build configuration list for PBXNativeTarget "HMSAnalyticsKit" */ = {
			isa = XCConfigurationList;
			buildConfigurations = (
				04D01A782509133B0097F210 /* Debug */,
				04D01A792509133B0097F210 /* Release */,
			);
			defaultConfigurationIsVisible = 0;
			defaultConfigurationName = Release;
		};
/* End XCConfigurationList section */
	};
	rootObject = 04D01A5B250913390097F210 /* Project object */;
}
