PODS:
  - AGConnectCore (1.1.0.300):
    - HMFoundation (~> 1.1.0)
  - AGConnectCredential (1.1.0.300):
    - AGConnectCore (~> 1.1.0)
  - HiAnalytics (5.0.3.300):
    - AGConnectCredential (~> 1.1.0)
  - HMFoundation (1.1.0.300)

DEPENDENCIES:
  - AGConnectCore
  - HiAnalytics

SPEC REPOS:
  trunk:
    - AGConnectCore
    - AGConnectCredential
    - HiAnalytics
    - HMFoundation

SPEC CHECKSUMS:
  AGConnectCore: 9884a3fddf1960747eaf0a115362a1484d7149b1
  AGConnectCredential: ff21e5397e87ccbdec650b31ff93205325da9c91
  HiAnalytics: d54453e736d7f7a13d1120515a014e30a0ee388a
  HMFoundation: 4795c37d29edbccb3e2d04afb08ce5587aae0685

PODFILE CHECKSUM: 09093c8aeb12db697f4336eec39cd2a143e77752

COCOAPODS: 1.10.0.beta.2
